
Microsoft Visual Studio Solution File, Format Version 12.00
Project("{FAE04EC0-301F-11D3-BF4B-00C04F79EFBC}") = "movierama.web", "movierama.web\movierama.web.csproj", "{E435141C-62E9-41AC-8CDF-EF91E8C6FC57}"
EndProject
Project("{FAE04EC0-301F-11D3-BF4B-00C04F79EFBC}") = "movierama.models", "movierama.models\movierama.models.csproj", "{EB7E6189-CA4B-4DA1-9097-53A53BDEC1AF}"
EndProject
Project("{FAE04EC0-301F-11D3-BF4B-00C04F79EFBC}") = "movierama.repositories", "movierama.repositories\movierama.repositories.csproj", "{7C092EC6-152A-441F-A62D-6194C8F9FE8E}"
EndProject
Project("{FAE04EC0-301F-11D3-BF4B-00C04F79EFBC}") = "movierama.services", "movierama.services\movierama.services.csproj", "{7FF0A3BE-9436-4D62-9B2B-0F797EBF4C14}"
EndProject
Project("{FAE04EC0-301F-11D3-BF4B-00C04F79EFBC}") = "movierama.infrastructure", "movierama.infrastructure\movierama.infrastructure.csproj", "{AEEE5418-D8D8-4ECC-8F18-A192D295E0D3}"
EndProject
Global
	GlobalSection(SolutionConfigurationPlatforms) = preSolution
		Debug|Any CPU = Debug|Any CPU
		Release|Any CPU = Release|Any CPU
	EndGlobalSection
	GlobalSection(ProjectConfigurationPlatforms) = postSolution
		{E435141C-62E9-41AC-8CDF-EF91E8C6FC57}.Debug|Any CPU.ActiveCfg = Debug|Any CPU
		{E435141C-62E9-41AC-8CDF-EF91E8C6FC57}.Debug|Any CPU.Build.0 = Debug|Any CPU
		{E435141C-62E9-41AC-8CDF-EF91E8C6FC57}.Release|Any CPU.ActiveCfg = Release|Any CPU
		{E435141C-62E9-41AC-8CDF-EF91E8C6FC57}.Release|Any CPU.Build.0 = Release|Any CPU
		{EB7E6189-CA4B-4DA1-9097-53A53BDEC1AF}.Debug|Any CPU.ActiveCfg = Debug|Any CPU
		{EB7E6189-CA4B-4DA1-9097-53A53BDEC1AF}.Debug|Any CPU.Build.0 = Debug|Any CPU
		{EB7E6189-CA4B-4DA1-9097-53A53BDEC1AF}.Release|Any CPU.ActiveCfg = Release|Any CPU
		{EB7E6189-CA4B-4DA1-9097-53A53BDEC1AF}.Release|Any CPU.Build.0 = Release|Any CPU
		{7C092EC6-152A-441F-A62D-6194C8F9FE8E}.Debug|Any CPU.ActiveCfg = Debug|Any CPU
		{7C092EC6-152A-441F-A62D-6194C8F9FE8E}.Debug|Any CPU.Build.0 = Debug|Any CPU
		{7C092EC6-152A-441F-A62D-6194C8F9FE8E}.Release|Any CPU.ActiveCfg = Release|Any CPU
		{7C092EC6-152A-441F-A62D-6194C8F9FE8E}.Release|Any CPU.Build.0 = Release|Any CPU
		{7FF0A3BE-9436-4D62-9B2B-0F797EBF4C14}.Debug|Any CPU.ActiveCfg = Debug|Any CPU
		{7FF0A3BE-9436-4D62-9B2B-0F797EBF4C14}.Debug|Any CPU.Build.0 = Debug|Any CPU
		{7FF0A3BE-9436-4D62-9B2B-0F797EBF4C14}.Release|Any CPU.ActiveCfg = Release|Any CPU
		{7FF0A3BE-9436-4D62-9B2B-0F797EBF4C14}.Release|Any CPU.Build.0 = Release|Any CPU
		{AEEE5418-D8D8-4ECC-8F18-A192D295E0D3}.Debug|Any CPU.ActiveCfg = Debug|Any CPU
		{AEEE5418-D8D8-4ECC-8F18-A192D295E0D3}.Debug|Any CPU.Build.0 = Debug|Any CPU
		{AEEE5418-D8D8-4ECC-8F18-A192D295E0D3}.Release|Any CPU.ActiveCfg = Release|Any CPU
		{AEEE5418-D8D8-4ECC-8F18-A192D295E0D3}.Release|Any CPU.Build.0 = Release|Any CPU
	EndGlobalSection
EndGlobal
